
Microsoft Visual Studio Solution File, Format Version 12.00
# Visual Studio Version 17
VisualStudioVersion = 17.1.32319.34
MinimumVisualStudioVersion = 10.0.40219.1
Project("{FAE04EC0-301F-11D3-BF4B-00C04F79EFBC}") = "MySecondApp", "MySecondApp.csproj", "{33555FE8-D3F6-4A73-BEED-A1190B7AA5FE}"
EndProject
Global
	GlobalSection(SolutionConfigurationPlatforms) = preSolution
		Debug|Any CPU = Debug|Any CPU
		Release|Any CPU = Release|Any CPU
	EndGlobalSection
	GlobalSection(ProjectConfigurationPlatforms) = postSolution
		{33555FE8-D3F6-4A73-BEED-A1190B7AA5FE}.Debug|Any CPU.ActiveCfg = Debug|Any CPU
		{33555FE8-D3F6-4A73-BEED-A1190B7AA5FE}.Debug|Any CPU.Build.0 = Debug|Any CPU
		{33555FE8-D3F6-4A73-BEED-A1190B7AA5FE}.Release|Any CPU.ActiveCfg = Release|Any CPU
		{33555FE8-D3F6-4A73-BEED-A1190B7AA5FE}.Release|Any CPU.Build.0 = Release|Any CPU
	EndGlobalSection
	GlobalSection(SolutionProperties) = preSolution
		HideSolutionNode = FALSE
	EndGlobalSection
	GlobalSection(ExtensibilityGlobals) = postSolution
		SolutionGuid = {27274B26-10E6-4212-BAB2-B0B0EE74225C}
	EndGlobalSection
EndGlobal
